
Microsoft Visual Studio Solution File, Format Version 12.00
Project("{FAE04EC0-301F-11D3-BF4B-00C04F79EFBC}") = "SonglistManager", "SonglistManager\SonglistManager.csproj", "{A25FEC8C-9344-4208-9FEC-7F71B632E212}"
EndProject
Global
	GlobalSection(SolutionConfigurationPlatforms) = preSolution
		Debug|Any CPU = Debug|Any CPU
		Release|Any CPU = Release|Any CPU
	EndGlobalSection
	GlobalSection(ProjectConfigurationPlatforms) = postSolution
		{A25FEC8C-9344-4208-9FEC-7F71B632E212}.Debug|Any CPU.ActiveCfg = Debug|Any CPU
		{A25FEC8C-9344-4208-9FEC-7F71B632E212}.Debug|Any CPU.Build.0 = Debug|Any CPU
		{A25FEC8C-9344-4208-9FEC-7F71B632E212}.Release|Any CPU.ActiveCfg = Release|Any CPU
		{A25FEC8C-9344-4208-9FEC-7F71B632E212}.Release|Any CPU.Build.0 = Release|Any CPU
	EndGlobalSection
EndGlobal
